# This file is generated by running "yarn install" inside your project.
# Manual changes might be lost - proceed with caution!

__metadata:
  version: 8
  cacheKey: 10

"@aashutoshrathi/word-wrap@npm:^1.2.3":
  version: 1.2.6
  resolution: "@aashutoshrathi/word-wrap@npm:1.2.6"
  checksum: 10/6eebd12a5cd03cee38fcb915ef9f4ea557df6a06f642dfc7fe8eb4839eb5c9ca55a382f3604d52c14200b0c214c12af5e1f23d2a6d8e23ef2d016b105a9d6c0a
  languageName: node
  linkType: hard

"@eslint-community/eslint-utils@npm:^4.2.0, @eslint-community/eslint-utils@npm:^4.4.0":
  version: 4.4.0
  resolution: "@eslint-community/eslint-utils@npm:4.4.0"
  dependencies:
    eslint-visitor-keys: "npm:^3.3.0"
  peerDependencies:
    eslint: ^6.0.0 || ^7.0.0 || >=8.0.0
  checksum: 10/8d70bcdcd8cd279049183aca747d6c2ed7092a5cf0cf5916faac1ef37ffa74f0c245c2a3a3d3b9979d9dfdd4ca59257b4c5621db699d637b847a2c5e02f491c2
  languageName: node
  linkType: hard

"@eslint-community/regexpp@npm:^4.10.0, @eslint-community/regexpp@npm:^4.11.0":
  version: 4.11.0
  resolution: "@eslint-community/regexpp@npm:4.11.0"
  checksum: 10/f053f371c281ba173fe6ee16dbc4fe544c84870d58035ccca08dba7f6ce1830d895ce3237a0db89ba37616524775dca82f1c502066b58e2d5712d7f87f5ba17c
  languageName: node
  linkType: hard

"@eslint/config-array@npm:^0.17.1":
  version: 0.17.1
  resolution: "@eslint/config-array@npm:0.17.1"
  dependencies:
    "@eslint/object-schema": "npm:^2.1.4"
    debug: "npm:^4.3.1"
    minimatch: "npm:^3.1.2"
  checksum: 10/d837852445d3cfc62da5e0d94ab036aa4393751cf2ee71676df61ec77bffabaa73f87207bfa200b8d0e7e95b556704f29f35f2f22d63d1ce2e285db4a325a2df
  languageName: node
  linkType: hard

"@eslint/eslintrc@npm:^3.1.0":
  version: 3.1.0
  resolution: "@eslint/eslintrc@npm:3.1.0"
  dependencies:
    ajv: "npm:^6.12.4"
    debug: "npm:^4.3.2"
    espree: "npm:^10.0.1"
    globals: "npm:^14.0.0"
    ignore: "npm:^5.2.0"
    import-fresh: "npm:^3.2.1"
    js-yaml: "npm:^4.1.0"
    minimatch: "npm:^3.1.2"
    strip-json-comments: "npm:^3.1.1"
  checksum: 10/02bf892d1397e1029209dea685e9f4f87baf643315df2a632b5f121ec7e8548a3b34f428a007234fa82772218fa8a3ac2d10328637b9ce63b7f8344035b74db3
  languageName: node
  linkType: hard

"@eslint/js@npm:9.8.0, @eslint/js@npm:^9.8.0":
  version: 9.8.0
  resolution: "@eslint/js@npm:9.8.0"
  checksum: 10/1c6ddbcc9f45f0165d9e218c085543536c03b4b650449a6f38f4e2b65b1d6bcd5f24f7feae72fca14d3697073cbdb413f270baef0f744cb0fb9e11ce9c84dbcc
  languageName: node
  linkType: hard

"@eslint/object-schema@npm:^2.1.4":
  version: 2.1.4
  resolution: "@eslint/object-schema@npm:2.1.4"
  checksum: 10/221e8d9f281c605948cd6e030874aacce83fe097f8f9c1964787037bccf08e82b7aa9eff1850a30fffac43f1d76555727ec22a2af479d91e268e89d1e035131e
  languageName: node
  linkType: hard

"@exercism/eslint-config-typescript@workspace:.":
  version: 0.0.0-use.local
  resolution: "@exercism/eslint-config-typescript@workspace:."
  dependencies:
    "@eslint/js": "npm:^9.8.0"
    "@stylistic/eslint-plugin-ts": "npm:^2.4.0"
    eslint: "npm:^9.8.0"
    eslint-config-prettier: "npm:^9.1.0"
    eslint-plugin-jest: "npm:^28.6.0"
    globals: "npm:^15.8.0"
    prettier: "npm:^3.3.3"
    typescript: "npm:~5.5.4"
    typescript-eslint: "npm:^7.17.0"
  peerDependencies:
    eslint: ">= 9.0"
    typescript: ">= 5.5"
  languageName: unknown
  linkType: soft

"@humanwhocodes/module-importer@npm:^1.0.1":
  version: 1.0.1
  resolution: "@humanwhocodes/module-importer@npm:1.0.1"
  checksum: 10/e993950e346331e5a32eefb27948ecdee2a2c4ab3f072b8f566cd213ef485dd50a3ca497050608db91006f5479e43f91a439aef68d2a313bd3ded06909c7c5b3
  languageName: node
  linkType: hard

"@humanwhocodes/retry@npm:^0.3.0":
  version: 0.3.0
  resolution: "@humanwhocodes/retry@npm:0.3.0"
  checksum: 10/e574bab58680867414e225c9002e9a97eb396f85871c180fbb1a9bcdf9ded4b4de0b327f7d0c43b775873362b7c92956d4b322e8bc4b90be56077524341f04b2
  languageName: node
  linkType: hard

"@nodelib/fs.scandir@npm:2.1.5":
  version: 2.1.5
  resolution: "@nodelib/fs.scandir@npm:2.1.5"
  dependencies:
    "@nodelib/fs.stat": "npm:2.0.5"
    run-parallel: "npm:^1.1.9"
  checksum: 10/6ab2a9b8a1d67b067922c36f259e3b3dfd6b97b219c540877a4944549a4d49ea5ceba5663905ab5289682f1f3c15ff441d02f0447f620a42e1cb5e1937174d4b
  languageName: node
  linkType: hard

"@nodelib/fs.stat@npm:2.0.5, @nodelib/fs.stat@npm:^2.0.2":
  version: 2.0.5
  resolution: "@nodelib/fs.stat@npm:2.0.5"
  checksum: 10/012480b5ca9d97bff9261571dbbec7bbc6033f69cc92908bc1ecfad0792361a5a1994bc48674b9ef76419d056a03efadfce5a6cf6dbc0a36559571a7a483f6f0
  languageName: node
  linkType: hard

"@nodelib/fs.walk@npm:^1.2.3":
  version: 1.2.7
  resolution: "@nodelib/fs.walk@npm:1.2.7"
  dependencies:
    "@nodelib/fs.scandir": "npm:2.1.5"
    fastq: "npm:^1.6.0"
  checksum: 10/3712507da25103aa126a04fe31097853d68731280684e0d70feb08dd88e251cb7c33588310e26dbf0a21717bdfe48bc3628127ca1becf0bbc18bf3f1c1303fd8
  languageName: node
  linkType: hard

"@nodelib/fs.walk@npm:^1.2.8":
  version: 1.2.8
  resolution: "@nodelib/fs.walk@npm:1.2.8"
  dependencies:
    "@nodelib/fs.scandir": "npm:2.1.5"
    fastq: "npm:^1.6.0"
  checksum: 10/40033e33e96e97d77fba5a238e4bba4487b8284678906a9f616b5579ddaf868a18874c0054a75402c9fbaaa033a25ceae093af58c9c30278e35c23c9479e79b0
  languageName: node
  linkType: hard

"@stylistic/eslint-plugin-js@npm:2.4.0":
  version: 2.4.0
  resolution: "@stylistic/eslint-plugin-js@npm:2.4.0"
  dependencies:
    "@types/eslint": "npm:^9.6.0"
    acorn: "npm:^8.12.1"
    eslint-visitor-keys: "npm:^4.0.0"
    espree: "npm:^10.1.0"
  peerDependencies:
    eslint: ">=8.40.0"
  checksum: 10/9efccd6c59404f8ec2cc93261380df1c60126ee1f7972456e3f1501ab1d5387f93ea8a83d2e8910c9788cfc262837af85bd4dabf6052474afa5bf6a0e9cd1016
  languageName: node
  linkType: hard

"@stylistic/eslint-plugin-ts@npm:^2.4.0":
  version: 2.4.0
  resolution: "@stylistic/eslint-plugin-ts@npm:2.4.0"
  dependencies:
    "@stylistic/eslint-plugin-js": "npm:2.4.0"
    "@types/eslint": "npm:^9.6.0"
    "@typescript-eslint/utils": "npm:^7.17.0"
  peerDependencies:
    eslint: ">=8.40.0"
  checksum: 10/c613fe011c88cba84217afcb3016f631eaec556a4ac464b7c48312067d37e10875377a369b2477f3b7a0e3aa0edb5e17ce7d39ab86bc3928f0fb5b738125e878
  languageName: node
  linkType: hard

"@types/eslint@npm:^9.6.0":
  version: 9.6.0
  resolution: "@types/eslint@npm:9.6.0"
  dependencies:
    "@types/estree": "npm:*"
    "@types/json-schema": "npm:*"
  checksum: 10/39fc797c671ec9c9184802b4974748cf45ee1b11d7aaaaede44426abcafd07ec7c18eb090e8f5b3387b51637ce3fdf54499472d8dd58a928f0d005cbacb573b4
  languageName: node
  linkType: hard

"@types/estree@npm:*":
  version: 1.0.5
  resolution: "@types/estree@npm:1.0.5"
  checksum: 10/7de6d928dd4010b0e20c6919e1a6c27b61f8d4567befa89252055fad503d587ecb9a1e3eab1b1901f923964d7019796db810b7fd6430acb26c32866d126fd408
  languageName: node
  linkType: hard

"@types/json-schema@npm:*":
  version: 7.0.15
  resolution: "@types/json-schema@npm:7.0.15"
  checksum: 10/1a3c3e06236e4c4aab89499c428d585527ce50c24fe8259e8b3926d3df4cfbbbcf306cfc73ddfb66cbafc973116efd15967020b0f738f63e09e64c7d260519e7
  languageName: node
  linkType: hard

"@typescript-eslint/eslint-plugin@npm:7.17.0":
  version: 7.17.0
  resolution: "@typescript-eslint/eslint-plugin@npm:7.17.0"
  dependencies:
    "@eslint-community/regexpp": "npm:^4.10.0"
    "@typescript-eslint/scope-manager": "npm:7.17.0"
    "@typescript-eslint/type-utils": "npm:7.17.0"
    "@typescript-eslint/utils": "npm:7.17.0"
    "@typescript-eslint/visitor-keys": "npm:7.17.0"
    graphemer: "npm:^1.4.0"
    ignore: "npm:^5.3.1"
    natural-compare: "npm:^1.4.0"
    ts-api-utils: "npm:^1.3.0"
  peerDependencies:
    "@typescript-eslint/parser": ^7.0.0
    eslint: ^8.56.0
  peerDependenciesMeta:
    typescript:
      optional: true
  checksum: 10/f3caba81b7ea4d1b4b097b3de1c51054424ad3d5e37f7af7df64f1c29b6448c535b61e0956f76bfa450b38917923f919a9bab081224c2b5577596caffa6e288a
  languageName: node
  linkType: hard

"@typescript-eslint/parser@npm:7.17.0":
  version: 7.17.0
  resolution: "@typescript-eslint/parser@npm:7.17.0"
  dependencies:
    "@typescript-eslint/scope-manager": "npm:7.17.0"
    "@typescript-eslint/types": "npm:7.17.0"
    "@typescript-eslint/typescript-estree": "npm:7.17.0"
    "@typescript-eslint/visitor-keys": "npm:7.17.0"
    debug: "npm:^4.3.4"
  peerDependencies:
    eslint: ^8.56.0
  peerDependenciesMeta:
    typescript:
      optional: true
  checksum: 10/91971e5d95fec798a456ec72d9d67c28eee72d0d1c52e682dbff2eef134e149799f69324ea8d42bd2cfa290eec763073b26fb343ce0632e4fa64c3b8a854d124
  languageName: node
  linkType: hard

"@typescript-eslint/scope-manager@npm:7.17.0":
  version: 7.17.0
  resolution: "@typescript-eslint/scope-manager@npm:7.17.0"
  dependencies:
    "@typescript-eslint/types": "npm:7.17.0"
    "@typescript-eslint/visitor-keys": "npm:7.17.0"
  checksum: 10/aec72538a92d8a82ca39f60c34b0d0e00f2f8fb74f584aee90b6d1ef28f30a415b507f28aa27a536898992ad4b9b5af58671c743cd50439b21e67bee03a59c88
  languageName: node
  linkType: hard

"@typescript-eslint/type-utils@npm:7.17.0":
  version: 7.17.0
  resolution: "@typescript-eslint/type-utils@npm:7.17.0"
  dependencies:
    "@typescript-eslint/typescript-estree": "npm:7.17.0"
    "@typescript-eslint/utils": "npm:7.17.0"
    debug: "npm:^4.3.4"
    ts-api-utils: "npm:^1.3.0"
  peerDependencies:
    eslint: ^8.56.0
  peerDependenciesMeta:
    typescript:
      optional: true
  checksum: 10/1405c626cd59a1fb29b897d22dce0b2f5b793e5d1cba228a119e58e7392c385c9131c332e744888b7d6ad41eee0abbd8099651664cafaed24229da2cd768e032
  languageName: node
  linkType: hard

"@typescript-eslint/types@npm:7.17.0":
  version: 7.17.0
  resolution: "@typescript-eslint/types@npm:7.17.0"
  checksum: 10/92e571f794f51a1f110714a9de661f9a76781c8c3e53d8fe025a88be947ae30d1c18964083467db31001ce7910f1a1459b8f6b039c270bdb6d1de47eba5dfa7f
  languageName: node
  linkType: hard

"@typescript-eslint/typescript-estree@npm:7.17.0":
  version: 7.17.0
  resolution: "@typescript-eslint/typescript-estree@npm:7.17.0"
  dependencies:
    "@typescript-eslint/types": "npm:7.17.0"
    "@typescript-eslint/visitor-keys": "npm:7.17.0"
    debug: "npm:^4.3.4"
    globby: "npm:^11.1.0"
    is-glob: "npm:^4.0.3"
    minimatch: "npm:^9.0.4"
    semver: "npm:^7.6.0"
    ts-api-utils: "npm:^1.3.0"
  peerDependenciesMeta:
    typescript:
      optional: true
  checksum: 10/419c4ad3b470ea4d654c414bbc66269ba7a6504e10bf2a2a87f9214aad4358b670f60e89ae7e4b2a24fa7c0c4542ebdd3711b8964917c026a5eef27d861e23fb
  languageName: node
  linkType: hard

"@typescript-eslint/utils@npm:7.17.0, @typescript-eslint/utils@npm:^6.0.0 || ^7.0.0, @typescript-eslint/utils@npm:^7.17.0":
  version: 7.17.0
  resolution: "@typescript-eslint/utils@npm:7.17.0"
  dependencies:
    "@eslint-community/eslint-utils": "npm:^4.4.0"
    "@typescript-eslint/scope-manager": "npm:7.17.0"
    "@typescript-eslint/types": "npm:7.17.0"
    "@typescript-eslint/typescript-estree": "npm:7.17.0"
  peerDependencies:
    eslint: ^8.56.0
  checksum: 10/44d6bfcda4b03a7bec82939dd975579f40705cf4128e40f747bf96b81e8fae0c384434999334a9ac42990e2864266c8067ca0e4b27d736ce2f6b8667115f7a1d
  languageName: node
  linkType: hard

"@typescript-eslint/visitor-keys@npm:7.17.0":
  version: 7.17.0
  resolution: "@typescript-eslint/visitor-keys@npm:7.17.0"
  dependencies:
    "@typescript-eslint/types": "npm:7.17.0"
    eslint-visitor-keys: "npm:^3.4.3"
  checksum: 10/a8bef372e212baab67ec4e074a8b4983348fc554874d40d1fc22c10ce2693609cdef4a215391e8b428a67b3e2dcbda12d821b4ed668394b0b001ba03a08c5145
  languageName: node
  linkType: hard

"acorn-jsx@npm:^5.3.2":
  version: 5.3.2
  resolution: "acorn-jsx@npm:5.3.2"
  peerDependencies:
    acorn: ^6.0.0 || ^7.0.0 || ^8.0.0
  checksum: 10/d4371eaef7995530b5b5ca4183ff6f062ca17901a6d3f673c9ac011b01ede37e7a1f7f61f8f5cfe709e88054757bb8f3277dc4061087cdf4f2a1f90ccbcdb977
  languageName: node
  linkType: hard

"acorn@npm:^8.12.0, acorn@npm:^8.12.1":
  version: 8.12.1
  resolution: "acorn@npm:8.12.1"
  bin:
    acorn: bin/acorn
  checksum: 10/d08c2d122bba32d0861e0aa840b2ee25946c286d5dc5990abca991baf8cdbfbe199b05aacb221b979411a2fea36f83e26b5ac4f6b4e0ce49038c62316c1848f0
  languageName: node
  linkType: hard

"ajv@npm:^6.12.4":
  version: 6.12.6
  resolution: "ajv@npm:6.12.6"
  dependencies:
    fast-deep-equal: "npm:^3.1.1"
    fast-json-stable-stringify: "npm:^2.0.0"
    json-schema-traverse: "npm:^0.4.1"
    uri-js: "npm:^4.2.2"
  checksum: 10/48d6ad21138d12eb4d16d878d630079a2bda25a04e745c07846a4ad768319533031e28872a9b3c5790fa1ec41aabdf2abed30a56e5a03ebc2cf92184b8ee306c
  languageName: node
  linkType: hard

"ansi-regex@npm:^5.0.1":
  version: 5.0.1
  resolution: "ansi-regex@npm:5.0.1"
  checksum: 10/2aa4bb54caf2d622f1afdad09441695af2a83aa3fe8b8afa581d205e57ed4261c183c4d3877cee25794443fde5876417d859c108078ab788d6af7e4fe52eb66b
  languageName: node
  linkType: hard

"ansi-styles@npm:^4.1.0":
  version: 4.3.0
  resolution: "ansi-styles@npm:4.3.0"
  dependencies:
    color-convert: "npm:^2.0.1"
  checksum: 10/b4494dfbfc7e4591b4711a396bd27e540f8153914123dccb4cdbbcb514015ada63a3809f362b9d8d4f6b17a706f1d7bea3c6f974b15fa5ae76b5b502070889ff
  languageName: node
  linkType: hard

"argparse@npm:^2.0.1":
  version: 2.0.1
  resolution: "argparse@npm:2.0.1"
  checksum: 10/18640244e641a417ec75a9bd38b0b2b6b95af5199aa241b131d4b2fb206f334d7ecc600bd194861610a5579084978bfcbb02baa399dbe442d56d0ae5e60dbaef
  languageName: node
  linkType: hard

"array-union@npm:^2.1.0":
  version: 2.1.0
  resolution: "array-union@npm:2.1.0"
  checksum: 10/5bee12395cba82da674931df6d0fea23c4aa4660cb3b338ced9f828782a65caa232573e6bf3968f23e0c5eb301764a382cef2f128b170a9dc59de0e36c39f98d
  languageName: node
  linkType: hard

"balanced-match@npm:^1.0.0":
  version: 1.0.2
  resolution: "balanced-match@npm:1.0.2"
  checksum: 10/9706c088a283058a8a99e0bf91b0a2f75497f185980d9ffa8b304de1d9e58ebda7c72c07ebf01dadedaac5b2907b2c6f566f660d62bd336c3468e960403b9d65
  languageName: node
  linkType: hard

"brace-expansion@npm:^1.1.7":
  version: 1.1.11
  resolution: "brace-expansion@npm:1.1.11"
  dependencies:
    balanced-match: "npm:^1.0.0"
    concat-map: "npm:0.0.1"
  checksum: 10/faf34a7bb0c3fcf4b59c7808bc5d2a96a40988addf2e7e09dfbb67a2251800e0d14cd2bfc1aa79174f2f5095c54ff27f46fb1289fe2d77dac755b5eb3434cc07
  languageName: node
  linkType: hard

"brace-expansion@npm:^2.0.1":
  version: 2.0.1
  resolution: "brace-expansion@npm:2.0.1"
  dependencies:
    balanced-match: "npm:^1.0.0"
  checksum: 10/a61e7cd2e8a8505e9f0036b3b6108ba5e926b4b55089eeb5550cd04a471fe216c96d4fe7e4c7f995c728c554ae20ddfc4244cad10aef255e72b62930afd233d1
  languageName: node
  linkType: hard

"braces@npm:^3.0.2":
  version: 3.0.2
  resolution: "braces@npm:3.0.2"
  dependencies:
    fill-range: "npm:^7.0.1"
  checksum: 10/966b1fb48d193b9d155f810e5efd1790962f2c4e0829f8440b8ad236ba009222c501f70185ef732fef17a4c490bb33a03b90dab0631feafbdf447da91e8165b1
  languageName: node
  linkType: hard

"callsites@npm:^3.0.0":
  version: 3.1.0
  resolution: "callsites@npm:3.1.0"
  checksum: 10/072d17b6abb459c2ba96598918b55868af677154bec7e73d222ef95a8fdb9bbf7dae96a8421085cdad8cd190d86653b5b6dc55a4484f2e5b2e27d5e0c3fc15b3
  languageName: node
  linkType: hard

"chalk@npm:^4.0.0":
  version: 4.1.0
  resolution: "chalk@npm:4.1.0"
  dependencies:
    ansi-styles: "npm:^4.1.0"
    supports-color: "npm:^7.1.0"
  checksum: 10/e8d2b9b9abe5aee78caae44e2fd86ade56e440df5822006d702ce18771c00418b6f2c0eb294093d5486b852c83f021e409205d0ee07095fb14f5c8f9db9e7f80
  languageName: node
  linkType: hard

"color-convert@npm:^2.0.1":
  version: 2.0.1
  resolution: "color-convert@npm:2.0.1"
  dependencies:
    color-name: "npm:~1.1.4"
  checksum: 10/fa00c91b4332b294de06b443923246bccebe9fab1b253f7fe1772d37b06a2269b4039a85e309abe1fe11b267b11c08d1d0473fda3badd6167f57313af2887a64
  languageName: node
  linkType: hard

"color-name@npm:~1.1.4":
  version: 1.1.4
  resolution: "color-name@npm:1.1.4"
  checksum: 10/b0445859521eb4021cd0fb0cc1a75cecf67fceecae89b63f62b201cca8d345baf8b952c966862a9d9a2632987d4f6581f0ec8d957dfacece86f0a7919316f610
  languageName: node
  linkType: hard

"concat-map@npm:0.0.1":
  version: 0.0.1
  resolution: "concat-map@npm:0.0.1"
  checksum: 10/9680699c8e2b3af0ae22592cb764acaf973f292a7b71b8a06720233011853a58e256c89216a10cbe889727532fd77f8bcd49a760cedfde271b8e006c20e079f2
  languageName: node
  linkType: hard

"cross-spawn@npm:^7.0.2":
  version: 7.0.3
  resolution: "cross-spawn@npm:7.0.3"
  dependencies:
    path-key: "npm:^3.1.0"
    shebang-command: "npm:^2.0.0"
    which: "npm:^2.0.1"
  checksum: 10/e1a13869d2f57d974de0d9ef7acbf69dc6937db20b918525a01dacb5032129bd552d290d886d981e99f1b624cb03657084cc87bd40f115c07ecf376821c729ce
  languageName: node
  linkType: hard

"debug@npm:^4.3.1":
  version: 4.3.6
  resolution: "debug@npm:4.3.6"
  dependencies:
    ms: "npm:2.1.2"
  peerDependenciesMeta:
    supports-color:
      optional: true
  checksum: 10/d3adb9af7d57a9e809a68f404490cf776122acca16e6359a2702c0f462e510e91f9765c07f707b8ab0d91e03bad57328f3256f5082631cefb5393d0394d50fb7
  languageName: node
  linkType: hard

"debug@npm:^4.3.2":
  version: 4.3.3
  resolution: "debug@npm:4.3.3"
  dependencies:
    ms: "npm:2.1.2"
  peerDependenciesMeta:
    supports-color:
      optional: true
  checksum: 10/723a9570dcd15d146ea4992f0dca12467d1b00f534abb42473df166d36826fcae8bab045aef59ac2f407b47a23266110bc0e646df8ac82f7800c11384f82050e
  languageName: node
  linkType: hard

"debug@npm:^4.3.4":
  version: 4.3.4
  resolution: "debug@npm:4.3.4"
  dependencies:
    ms: "npm:2.1.2"
  peerDependenciesMeta:
    supports-color:
      optional: true
  checksum: 10/0073c3bcbd9cb7d71dd5f6b55be8701af42df3e56e911186dfa46fac3a5b9eb7ce7f377dd1d3be6db8977221f8eb333d945216f645cf56f6b688cd484837d255
  languageName: node
  linkType: hard

"deep-is@npm:^0.1.3":
  version: 0.1.3
  resolution: "deep-is@npm:0.1.3"
  checksum: 10/dee1094e987a784a9a9c8549fc65eeca3422aef3bf2f9579f76c126085f280311d09273826c2f430d84fd09d64f6a578e5e7a4ac6ba1d50ea6cff0ddf605c025
  languageName: node
  linkType: hard

"dir-glob@npm:^3.0.1":
  version: 3.0.1
  resolution: "dir-glob@npm:3.0.1"
  dependencies:
    path-type: "npm:^4.0.0"
  checksum: 10/fa05e18324510d7283f55862f3161c6759a3f2f8dbce491a2fc14c8324c498286c54282c1f0e933cb930da8419b30679389499b919122952a4f8592362ef4615
  languageName: node
  linkType: hard

"escape-string-regexp@npm:^4.0.0":
  version: 4.0.0
  resolution: "escape-string-regexp@npm:4.0.0"
  checksum: 10/98b48897d93060f2322108bf29db0feba7dd774be96cd069458d1453347b25ce8682ecc39859d4bca2203cc0ab19c237bcc71755eff49a0f8d90beadeeba5cc5
  languageName: node
  linkType: hard

"eslint-config-prettier@npm:^9.1.0":
  version: 9.1.0
  resolution: "eslint-config-prettier@npm:9.1.0"
  peerDependencies:
    eslint: ">=7.0.0"
  bin:
    eslint-config-prettier: bin/cli.js
  checksum: 10/411e3b3b1c7aa04e3e0f20d561271b3b909014956c4dba51c878bf1a23dbb8c800a3be235c46c4732c70827276e540b6eed4636d9b09b444fd0a8e07f0fcd830
  languageName: node
  linkType: hard

"eslint-plugin-jest@npm:^28.6.0":
  version: 28.6.0
  resolution: "eslint-plugin-jest@npm:28.6.0"
  dependencies:
    "@typescript-eslint/utils": "npm:^6.0.0 || ^7.0.0"
  peerDependencies:
    "@typescript-eslint/eslint-plugin": ^6.0.0 || ^7.0.0
    eslint: ^7.0.0 || ^8.0.0 || ^9.0.0
    jest: "*"
  peerDependenciesMeta:
    "@typescript-eslint/eslint-plugin":
      optional: true
    jest:
      optional: true
  checksum: 10/32232dbf54d3be0853a6f702504a9af82e9fd503ce5644c97e1cec0f17f3262d56e418dc41763ba6ed079aec401c4ce066c6c32e618403b7b5235c3e0952bdb0
  languageName: node
  linkType: hard

"eslint-scope@npm:^8.0.2":
  version: 8.0.2
  resolution: "eslint-scope@npm:8.0.2"
  dependencies:
    esrecurse: "npm:^4.3.0"
    estraverse: "npm:^5.2.0"
  checksum: 10/d17c2e1ff4d3a98911414a954531078db912e2747d6da8ea4cafd16d0526e32086c676ce9aeaffb3ca0ff695fc951ac3169d7f08a0b42962db683dff126cc95b
  languageName: node
  linkType: hard

"eslint-visitor-keys@npm:^3.3.0":
  version: 3.4.1
  resolution: "eslint-visitor-keys@npm:3.4.1"
  checksum: 10/92641e7ccde470065aa2931161a6a053690a54aae35ae08f38e376ecfd7c012573c542b37a3baecf921eb951fd57943411392f464c2b8f3399adee4723a1369f
  languageName: node
  linkType: hard

"eslint-visitor-keys@npm:^3.4.3":
  version: 3.4.3
  resolution: "eslint-visitor-keys@npm:3.4.3"
  checksum: 10/3f357c554a9ea794b094a09bd4187e5eacd1bc0d0653c3adeb87962c548e6a1ab8f982b86963ae1337f5d976004146536dcee5d0e2806665b193fbfbf1a9231b
  languageName: node
  linkType: hard

"eslint-visitor-keys@npm:^4.0.0":
  version: 4.0.0
  resolution: "eslint-visitor-keys@npm:4.0.0"
  checksum: 10/c7617166e6291a15ce2982b5c4b9cdfb6409f5c14562712d12e2584480cdf18609694b21d7dad35b02df0fa2cd037505048ded54d2f405c64f600949564eb334
  languageName: node
  linkType: hard

"eslint@npm:^9.8.0":
  version: 9.8.0
  resolution: "eslint@npm:9.8.0"
  dependencies:
    "@eslint-community/eslint-utils": "npm:^4.2.0"
    "@eslint-community/regexpp": "npm:^4.11.0"
    "@eslint/config-array": "npm:^0.17.1"
    "@eslint/eslintrc": "npm:^3.1.0"
    "@eslint/js": "npm:9.8.0"
    "@humanwhocodes/module-importer": "npm:^1.0.1"
    "@humanwhocodes/retry": "npm:^0.3.0"
    "@nodelib/fs.walk": "npm:^1.2.8"
    ajv: "npm:^6.12.4"
    chalk: "npm:^4.0.0"
    cross-spawn: "npm:^7.0.2"
    debug: "npm:^4.3.2"
    escape-string-regexp: "npm:^4.0.0"
    eslint-scope: "npm:^8.0.2"
    eslint-visitor-keys: "npm:^4.0.0"
    espree: "npm:^10.1.0"
    esquery: "npm:^1.5.0"
    esutils: "npm:^2.0.2"
    fast-deep-equal: "npm:^3.1.3"
    file-entry-cache: "npm:^8.0.0"
    find-up: "npm:^5.0.0"
    glob-parent: "npm:^6.0.2"
    ignore: "npm:^5.2.0"
    imurmurhash: "npm:^0.1.4"
    is-glob: "npm:^4.0.0"
    is-path-inside: "npm:^3.0.3"
    json-stable-stringify-without-jsonify: "npm:^1.0.1"
    levn: "npm:^0.4.1"
    lodash.merge: "npm:^4.6.2"
    minimatch: "npm:^3.1.2"
    natural-compare: "npm:^1.4.0"
    optionator: "npm:^0.9.3"
    strip-ansi: "npm:^6.0.1"
    text-table: "npm:^0.2.0"
  bin:
    eslint: bin/eslint.js
  checksum: 10/b1dd864170ca359249c92d1d8e09a628497efcf8a4293b571308460125fb0367a15612b2b0f135ff21b92453bf324ce75843fcaac3e01734f4bee2ff79919cc3
  languageName: node
  linkType: hard

"espree@npm:^10.0.1, espree@npm:^10.1.0":
  version: 10.1.0
  resolution: "espree@npm:10.1.0"
  dependencies:
    acorn: "npm:^8.12.0"
    acorn-jsx: "npm:^5.3.2"
    eslint-visitor-keys: "npm:^4.0.0"
  checksum: 10/a673aa39a19a51763d92272f8f3772ae3d4b10624740bb72d5f273b631b43f1a5a32b385c1da6ae6bc10be05a5913bc4679ebd22a09c7b336a745204834806ea
  languageName: node
  linkType: hard

"esquery@npm:^1.5.0":
  version: 1.6.0
  resolution: "esquery@npm:1.6.0"
  dependencies:
    estraverse: "npm:^5.1.0"
  checksum: 10/c587fb8ec9ed83f2b1bc97cf2f6854cc30bf784a79d62ba08c6e358bf22280d69aee12827521cf38e69ae9761d23fb7fde593ce315610f85655c139d99b05e5a
  languageName: node
  linkType: hard

"esrecurse@npm:^4.3.0":
  version: 4.3.0
  resolution: "esrecurse@npm:4.3.0"
  dependencies:
    estraverse: "npm:^5.2.0"
  checksum: 10/44ffcd89e714ea6b30143e7f119b104fc4d75e77ee913f34d59076b40ef2d21967f84e019f84e1fd0465b42cdbf725db449f232b5e47f29df29ed76194db8e16
  languageName: node
  linkType: hard

"estraverse@npm:^5.1.0, estraverse@npm:^5.2.0":
  version: 5.2.0
  resolution: "estraverse@npm:5.2.0"
  checksum: 10/9740a8fa4257682c1d6c14a0befc884af31e76013a97c647aed21aeb1766270e153e34cc06ab8d354a377bb6ed6b785b1f5deb1228ceb7e3792bf88fb79b2ce8
  languageName: node
  linkType: hard

"esutils@npm:^2.0.2":
  version: 2.0.3
  resolution: "esutils@npm:2.0.3"
  checksum: 10/b23acd24791db11d8f65be5ea58fd9a6ce2df5120ae2da65c16cfc5331ff59d5ac4ef50af66cd4bde238881503ec839928a0135b99a036a9cdfa22d17fd56cdb
  languageName: node
  linkType: hard

"fast-deep-equal@npm:^3.1.1, fast-deep-equal@npm:^3.1.3":
  version: 3.1.3
  resolution: "fast-deep-equal@npm:3.1.3"
  checksum: 10/e21a9d8d84f53493b6aa15efc9cfd53dd5b714a1f23f67fb5dc8f574af80df889b3bce25dc081887c6d25457cce704e636395333abad896ccdec03abaf1f3f9d
  languageName: node
  linkType: hard

"fast-glob@npm:^3.2.9":
  version: 3.2.12
  resolution: "fast-glob@npm:3.2.12"
  dependencies:
    "@nodelib/fs.stat": "npm:^2.0.2"
    "@nodelib/fs.walk": "npm:^1.2.3"
    glob-parent: "npm:^5.1.2"
    merge2: "npm:^1.3.0"
    micromatch: "npm:^4.0.4"
  checksum: 10/641e748664ae0fdc4dadd23c812fd7d6c80cd92d451571cb1f81fa87edb750e917f25abf74fc9503c97438b0b67ecf75b738bb8e50a83b16bd2a88b4d64e81fa
  languageName: node
  linkType: hard

"fast-json-stable-stringify@npm:^2.0.0":
  version: 2.1.0
  resolution: "fast-json-stable-stringify@npm:2.1.0"
  checksum: 10/2c20055c1fa43c922428f16ca8bb29f2807de63e5c851f665f7ac9790176c01c3b40335257736b299764a8d383388dabc73c8083b8e1bc3d99f0a941444ec60e
  languageName: node
  linkType: hard

"fast-levenshtein@npm:^2.0.6":
  version: 2.0.6
  resolution: "fast-levenshtein@npm:2.0.6"
  checksum: 10/eb7e220ecf2bab5159d157350b81d01f75726a4382f5a9266f42b9150c4523b9795f7f5d9fbbbeaeac09a441b2369f05ee02db48ea938584205530fe5693cfe1
  languageName: node
  linkType: hard

"fastq@npm:^1.6.0":
  version: 1.11.0
  resolution: "fastq@npm:1.11.0"
  dependencies:
    reusify: "npm:^1.0.4"
  checksum: 10/818f85ae478a8024419a5e516ae3a8ce227606f58f3b0c09d65d60504fefa5b73e095529774d112a75bc8776f7c4f3b14ab2ec55a6958892e58d752628108297
  languageName: node
  linkType: hard

"file-entry-cache@npm:^8.0.0":
  version: 8.0.0
  resolution: "file-entry-cache@npm:8.0.0"
  dependencies:
    flat-cache: "npm:^4.0.0"
  checksum: 10/afe55c4de4e0d226a23c1eae62a7219aafb390859122608a89fa4df6addf55c7fd3f1a2da6f5b41e7cdff496e4cf28bbd215d53eab5c817afa96d2b40c81bfb0
  languageName: node
  linkType: hard

"fill-range@npm:^7.0.1":
  version: 7.0.1
  resolution: "fill-range@npm:7.0.1"
  dependencies:
    to-regex-range: "npm:^5.0.1"
  checksum: 10/e260f7592fd196b4421504d3597cc76f4a1ca7a9488260d533b611fc3cefd61e9a9be1417cb82d3b01ad9f9c0ff2dbf258e1026d2445e26b0cf5148ff4250429
  languageName: node
  linkType: hard

"find-up@npm:^5.0.0":
  version: 5.0.0
  resolution: "find-up@npm:5.0.0"
  dependencies:
    locate-path: "npm:^6.0.0"
    path-exists: "npm:^4.0.0"
  checksum: 10/07955e357348f34660bde7920783204ff5a26ac2cafcaa28bace494027158a97b9f56faaf2d89a6106211a8174db650dd9f503f9c0d526b1202d5554a00b9095
  languageName: node
  linkType: hard

"flat-cache@npm:^4.0.0":
  version: 4.0.1
  resolution: "flat-cache@npm:4.0.1"
  dependencies:
    flatted: "npm:^3.2.9"
    keyv: "npm:^4.5.4"
  checksum: 10/58ce851d9045fffc7871ce2bd718bc485ad7e777bf748c054904b87c351ff1080c2c11da00788d78738bfb51b71e4d5ea12d13b98eb36e3358851ffe495b62dc
  languageName: node
  linkType: hard

"flatted@npm:^3.2.9":
  version: 3.3.1
  resolution: "flatted@npm:3.3.1"
  checksum: 10/7b8376061d5be6e0d3658bbab8bde587647f68797cf6bfeae9dea0e5137d9f27547ab92aaff3512dd9d1299086a6d61be98e9d48a56d17531b634f77faadbc49
  languageName: node
  linkType: hard

"glob-parent@npm:^5.1.2":
  version: 5.1.2
  resolution: "glob-parent@npm:5.1.2"
  dependencies:
    is-glob: "npm:^4.0.1"
  checksum: 10/32cd106ce8c0d83731966d31517adb766d02c3812de49c30cfe0675c7c0ae6630c11214c54a5ae67aca882cf738d27fd7768f21aa19118b9245950554be07247
  languageName: node
  linkType: hard

"glob-parent@npm:^6.0.2":
  version: 6.0.2
  resolution: "glob-parent@npm:6.0.2"
  dependencies:
    is-glob: "npm:^4.0.3"
  checksum: 10/c13ee97978bef4f55106b71e66428eb1512e71a7466ba49025fc2aec59a5bfb0954d5abd58fc5ee6c9b076eef4e1f6d3375c2e964b88466ca390da4419a786a8
  languageName: node
  linkType: hard

"globals@npm:^14.0.0":
  version: 14.0.0
  resolution: "globals@npm:14.0.0"
  checksum: 10/03939c8af95c6df5014b137cac83aa909090c3a3985caef06ee9a5a669790877af8698ab38007e4c0186873adc14c0b13764acc754b16a754c216cc56aa5f021
  languageName: node
  linkType: hard

"globals@npm:^15.8.0":
  version: 15.8.0
  resolution: "globals@npm:15.8.0"
  checksum: 10/fbca69cc1084c28a5155fea06224f6f0fcd9a371d8b8057db9c1851adc4bf2aad8016dd0db4e161e0ad1da0953e4286b90c826ff9ef5dbfb864493f2bba806df
  languageName: node
  linkType: hard

"globby@npm:^11.1.0":
  version: 11.1.0
  resolution: "globby@npm:11.1.0"
  dependencies:
    array-union: "npm:^2.1.0"
    dir-glob: "npm:^3.0.1"
    fast-glob: "npm:^3.2.9"
    ignore: "npm:^5.2.0"
    merge2: "npm:^1.4.1"
    slash: "npm:^3.0.0"
  checksum: 10/288e95e310227bbe037076ea81b7c2598ccbc3122d87abc6dab39e1eec309aa14f0e366a98cdc45237ffcfcbad3db597778c0068217dcb1950fef6249104e1b1
  languageName: node
  linkType: hard

"graphemer@npm:^1.4.0":
  version: 1.4.0
  resolution: "graphemer@npm:1.4.0"
  checksum: 10/6dd60dba97007b21e3a829fab3f771803cc1292977fe610e240ea72afd67e5690ac9eeaafc4a99710e78962e5936ab5a460787c2a1180f1cb0ccfac37d29f897
  languageName: node
  linkType: hard

"has-flag@npm:^4.0.0":
  version: 4.0.0
  resolution: "has-flag@npm:4.0.0"
  checksum: 10/261a1357037ead75e338156b1f9452c016a37dcd3283a972a30d9e4a87441ba372c8b81f818cd0fbcd9c0354b4ae7e18b9e1afa1971164aef6d18c2b6095a8ad
  languageName: node
  linkType: hard

"ignore@npm:^5.2.0":
  version: 5.2.4
  resolution: "ignore@npm:5.2.4"
  checksum: 10/4f7caf5d2005da21a382d4bd1d2aa741a3bed51de185c8562dd7f899a81a620ac4fd0619b06f7029a38ae79e4e4c134399db3bd0192c703c3ef54bb82df3086c
  languageName: node
  linkType: hard

"ignore@npm:^5.3.1":
  version: 5.3.1
  resolution: "ignore@npm:5.3.1"
  checksum: 10/0a884c2fbc8c316f0b9f92beaf84464253b73230a4d4d286697be45fca081199191ca33e1c2e82d9e5f851f5e9a48a78e25a35c951e7eb41e59f150db3530065
  languageName: node
  linkType: hard

"import-fresh@npm:^3.2.1":
  version: 3.3.0
  resolution: "import-fresh@npm:3.3.0"
  dependencies:
    parent-module: "npm:^1.0.0"
    resolve-from: "npm:^4.0.0"
  checksum: 10/2cacfad06e652b1edc50be650f7ec3be08c5e5a6f6d12d035c440a42a8cc028e60a5b99ca08a77ab4d6b1346da7d971915828f33cdab730d3d42f08242d09baa
  languageName: node
  linkType: hard

"imurmurhash@npm:^0.1.4":
  version: 0.1.4
  resolution: "imurmurhash@npm:0.1.4"
  checksum: 10/2d30b157a91fe1c1d7c6f653cbf263f039be6c5bfa959245a16d4ee191fc0f2af86c08545b6e6beeb041c56b574d2d5b9f95343d378ab49c0f37394d541e7fc8
  languageName: node
  linkType: hard

"is-extglob@npm:^2.1.1":
  version: 2.1.1
  resolution: "is-extglob@npm:2.1.1"
  checksum: 10/df033653d06d0eb567461e58a7a8c9f940bd8c22274b94bf7671ab36df5719791aae15eef6d83bbb5e23283967f2f984b8914559d4449efda578c775c4be6f85
  languageName: node
  linkType: hard

"is-glob@npm:^4.0.0, is-glob@npm:^4.0.1":
  version: 4.0.1
  resolution: "is-glob@npm:4.0.1"
  dependencies:
    is-extglob: "npm:^2.1.1"
  checksum: 10/998cdc412db39a9ad10b5484bbbe43f8dfb6eb0467380c49d53a5105108ac2e590cca3c3ac0ff5e0dcc9c3342c5c235e77fd699576bcd16384eb5a62d4dd086a
  languageName: node
  linkType: hard

"is-glob@npm:^4.0.3":
  version: 4.0.3
  resolution: "is-glob@npm:4.0.3"
  dependencies:
    is-extglob: "npm:^2.1.1"
  checksum: 10/3ed74f2b0cdf4f401f38edb0442ddfde3092d79d7d35c9919c86641efdbcbb32e45aa3c0f70ce5eecc946896cd5a0f26e4188b9f2b881876f7cb6c505b82da11
  languageName: node
  linkType: hard

"is-number@npm:^7.0.0":
  version: 7.0.0
  resolution: "is-number@npm:7.0.0"
  checksum: 10/6a6c3383f68afa1e05b286af866017c78f1226d43ac8cb064e115ff9ed85eb33f5c4f7216c96a71e4dfea289ef52c5da3aef5bbfade8ffe47a0465d70c0c8e86
  languageName: node
  linkType: hard

"is-path-inside@npm:^3.0.3":
  version: 3.0.3
  resolution: "is-path-inside@npm:3.0.3"
  checksum: 10/abd50f06186a052b349c15e55b182326f1936c89a78bf6c8f2b707412517c097ce04bc49a0ca221787bc44e1049f51f09a2ffb63d22899051988d3a618ba13e9
  languageName: node
  linkType: hard

"isexe@npm:^2.0.0":
  version: 2.0.0
  resolution: "isexe@npm:2.0.0"
  checksum: 10/7c9f715c03aff08f35e98b1fadae1b9267b38f0615d501824f9743f3aab99ef10e303ce7db3f186763a0b70a19de5791ebfc854ff884d5a8c4d92211f642ec92
  languageName: node
  linkType: hard

"js-yaml@npm:^4.1.0":
  version: 4.1.0
  resolution: "js-yaml@npm:4.1.0"
  dependencies:
    argparse: "npm:^2.0.1"
  bin:
    js-yaml: bin/js-yaml.js
  checksum: 10/c138a34a3fd0d08ebaf71273ad4465569a483b8a639e0b118ff65698d257c2791d3199e3f303631f2cb98213fa7b5f5d6a4621fd0fff819421b990d30d967140
  languageName: node
  linkType: hard

"json-buffer@npm:3.0.1":
  version: 3.0.1
  resolution: "json-buffer@npm:3.0.1"
  checksum: 10/82876154521b7b68ba71c4f969b91572d1beabadd87bd3a6b236f85fbc7dc4695089191ed60bb59f9340993c51b33d479f45b6ba9f3548beb519705281c32c3c
  languageName: node
  linkType: hard

"json-schema-traverse@npm:^0.4.1":
  version: 0.4.1
  resolution: "json-schema-traverse@npm:0.4.1"
  checksum: 10/7486074d3ba247769fda17d5181b345c9fb7d12e0da98b22d1d71a5db9698d8b4bd900a3ec1a4ffdd60846fc2556274a5c894d0c48795f14cb03aeae7b55260b
  languageName: node
  linkType: hard

"json-stable-stringify-without-jsonify@npm:^1.0.1":
  version: 1.0.1
  resolution: "json-stable-stringify-without-jsonify@npm:1.0.1"
  checksum: 10/12786c2e2f22c27439e6db0532ba321f1d0617c27ad8cb1c352a0e9249a50182fd1ba8b52a18899291604b0c32eafa8afd09e51203f19109a0537f68db2b652d
  languageName: node
  linkType: hard

"keyv@npm:^4.5.4":
  version: 4.5.4
  resolution: "keyv@npm:4.5.4"
  dependencies:
    json-buffer: "npm:3.0.1"
  checksum: 10/167eb6ef64cc84b6fa0780ee50c9de456b422a1e18802209234f7c2cf7eae648c7741f32e50d7e24ccb22b24c13154070b01563d642755b156c357431a191e75
  languageName: node
  linkType: hard

"levn@npm:^0.4.1":
  version: 0.4.1
  resolution: "levn@npm:0.4.1"
  dependencies:
    prelude-ls: "npm:^1.2.1"
    type-check: "npm:~0.4.0"
  checksum: 10/2e4720ff79f21ae08d42374b0a5c2f664c5be8b6c8f565bb4e1315c96ed3a8acaa9de788ffed82d7f2378cf36958573de07ef92336cb5255ed74d08b8318c9ee
  languageName: node
  linkType: hard

"locate-path@npm:^6.0.0":
  version: 6.0.0
  resolution: "locate-path@npm:6.0.0"
  dependencies:
    p-locate: "npm:^5.0.0"
  checksum: 10/72eb661788a0368c099a184c59d2fee760b3831c9c1c33955e8a19ae4a21b4116e53fa736dc086cdeb9fce9f7cc508f2f92d2d3aae516f133e16a2bb59a39f5a
  languageName: node
  linkType: hard

"lodash.merge@npm:^4.6.2":
  version: 4.6.2
  resolution: "lodash.merge@npm:4.6.2"
  checksum: 10/d0ea2dd0097e6201be083865d50c3fb54fbfbdb247d9cc5950e086c991f448b7ab0cdab0d57eacccb43473d3f2acd21e134db39f22dac2d6c9ba6bf26978e3d6
  languageName: node
  linkType: hard

"merge2@npm:^1.3.0, merge2@npm:^1.4.1":
  version: 1.4.1
  resolution: "merge2@npm:1.4.1"
  checksum: 10/7268db63ed5169466540b6fb947aec313200bcf6d40c5ab722c22e242f651994619bcd85601602972d3c85bd2cc45a358a4c61937e9f11a061919a1da569b0c2
  languageName: node
  linkType: hard

"micromatch@npm:^4.0.4":
  version: 4.0.5
  resolution: "micromatch@npm:4.0.5"
  dependencies:
    braces: "npm:^3.0.2"
    picomatch: "npm:^2.3.1"
  checksum: 10/a749888789fc15cac0e03273844dbd749f9f8e8d64e70c564bcf06a033129554c789bb9e30d7566d7ff6596611a08e58ac12cf2a05f6e3c9c47c50c4c7e12fa2
  languageName: node
  linkType: hard

"minimatch@npm:^3.1.2":
  version: 3.1.2
  resolution: "minimatch@npm:3.1.2"
  dependencies:
    brace-expansion: "npm:^1.1.7"
  checksum: 10/e0b25b04cd4ec6732830344e5739b13f8690f8a012d73445a4a19fbc623f5dd481ef7a5827fde25954cd6026fede7574cc54dc4643c99d6c6b653d6203f94634
  languageName: node
  linkType: hard

"minimatch@npm:^9.0.4":
  version: 9.0.5
  resolution: "minimatch@npm:9.0.5"
  dependencies:
    brace-expansion: "npm:^2.0.1"
  checksum: 10/dd6a8927b063aca6d910b119e1f2df6d2ce7d36eab91de83167dd136bb85e1ebff97b0d3de1cb08bd1f7e018ca170b4962479fefab5b2a69e2ae12cb2edc8348
  languageName: node
  linkType: hard

"ms@npm:2.1.2":
  version: 2.1.2
  resolution: "ms@npm:2.1.2"
  checksum: 10/673cdb2c3133eb050c745908d8ce632ed2c02d85640e2edb3ace856a2266a813b30c613569bf3354fdf4ea7d1a1494add3bfa95e2713baa27d0c2c71fc44f58f
  languageName: node
  linkType: hard

"natural-compare@npm:^1.4.0":
  version: 1.4.0
  resolution: "natural-compare@npm:1.4.0"
  checksum: 10/23ad088b08f898fc9b53011d7bb78ec48e79de7627e01ab5518e806033861bef68d5b0cd0e2205c2f36690ac9571ff6bcb05eb777ced2eeda8d4ac5b44592c3d
  languageName: node
  linkType: hard

"optionator@npm:^0.9.3":
  version: 0.9.3
  resolution: "optionator@npm:0.9.3"
  dependencies:
    "@aashutoshrathi/word-wrap": "npm:^1.2.3"
    deep-is: "npm:^0.1.3"
    fast-levenshtein: "npm:^2.0.6"
    levn: "npm:^0.4.1"
    prelude-ls: "npm:^1.2.1"
    type-check: "npm:^0.4.0"
  checksum: 10/fa28d3016395974f7fc087d6bbf0ac7f58ac3489f4f202a377e9c194969f329a7b88c75f8152b33fb08794a30dcd5c079db6bb465c28151357f113d80bbf67da
  languageName: node
  linkType: hard

"p-limit@npm:^3.0.2":
  version: 3.1.0
  resolution: "p-limit@npm:3.1.0"
  dependencies:
    yocto-queue: "npm:^0.1.0"
  checksum: 10/7c3690c4dbf62ef625671e20b7bdf1cbc9534e83352a2780f165b0d3ceba21907e77ad63401708145ca4e25bfc51636588d89a8c0aeb715e6c37d1c066430360
  languageName: node
  linkType: hard

"p-locate@npm:^5.0.0":
  version: 5.0.0
  resolution: "p-locate@npm:5.0.0"
  dependencies:
    p-limit: "npm:^3.0.2"
  checksum: 10/1623088f36cf1cbca58e9b61c4e62bf0c60a07af5ae1ca99a720837356b5b6c5ba3eb1b2127e47a06865fee59dd0453cad7cc844cda9d5a62ac1a5a51b7c86d3
  languageName: node
  linkType: hard

"parent-module@npm:^1.0.0":
  version: 1.0.1
  resolution: "parent-module@npm:1.0.1"
  dependencies:
    callsites: "npm:^3.0.0"
  checksum: 10/6ba8b255145cae9470cf5551eb74be2d22281587af787a2626683a6c20fbb464978784661478dd2a3f1dad74d1e802d403e1b03c1a31fab310259eec8ac560ff
  languageName: node
  linkType: hard

"path-exists@npm:^4.0.0":
  version: 4.0.0
  resolution: "path-exists@npm:4.0.0"
  checksum: 10/505807199dfb7c50737b057dd8d351b82c033029ab94cb10a657609e00c1bc53b951cfdbccab8de04c5584d5eff31128ce6afd3db79281874a5ef2adbba55ed1
  languageName: node
  linkType: hard

"path-key@npm:^3.1.0":
  version: 3.1.1
  resolution: "path-key@npm:3.1.1"
  checksum: 10/55cd7a9dd4b343412a8386a743f9c746ef196e57c823d90ca3ab917f90ab9f13dd0ded27252ba49dbdfcab2b091d998bc446f6220cd3cea65db407502a740020
  languageName: node
  linkType: hard

"path-type@npm:^4.0.0":
  version: 4.0.0
  resolution: "path-type@npm:4.0.0"
  checksum: 10/5b1e2daa247062061325b8fdbfd1fb56dde0a448fb1455453276ea18c60685bdad23a445dc148cf87bc216be1573357509b7d4060494a6fd768c7efad833ee45
  languageName: node
  linkType: hard

"picomatch@npm:^2.3.1":
  version: 2.3.1
  resolution: "picomatch@npm:2.3.1"
  checksum: 10/60c2595003b05e4535394d1da94850f5372c9427ca4413b71210f437f7b2ca091dbd611c45e8b37d10036fa8eade25c1b8951654f9d3973bfa66a2ff4d3b08bc
  languageName: node
  linkType: hard

"prelude-ls@npm:^1.2.1":
  version: 1.2.1
  resolution: "prelude-ls@npm:1.2.1"
  checksum: 10/0b9d2c76801ca652a7f64892dd37b7e3fab149a37d2424920099bf894acccc62abb4424af2155ab36dea8744843060a2d8ddc983518d0b1e22265a22324b72ed
  languageName: node
  linkType: hard

"prettier@npm:^3.3.3":
  version: 3.3.3
  resolution: "prettier@npm:3.3.3"
  bin:
    prettier: bin/prettier.cjs
  checksum: 10/5beac1f30b5b40162532b8e2f7c3a4eb650910a2695e9c8512a62ffdc09dae93190c29db9107fa7f26d1b6c71aad3628ecb9b5de1ecb0911191099be109434d7
  languageName: node
  linkType: hard

"punycode@npm:^2.1.0":
  version: 2.1.1
  resolution: "punycode@npm:2.1.1"
  checksum: 10/939daa010c2cacebdb060c40ecb52fef0a739324a66f7fffe0f94353a1ee83e3b455e9032054c4a0c4977b0a28e27086f2171c392832b59a01bd948fd8e20914
  languageName: node
  linkType: hard

"queue-microtask@npm:^1.2.2":
  version: 1.2.3
  resolution: "queue-microtask@npm:1.2.3"
  checksum: 10/72900df0616e473e824202113c3df6abae59150dfb73ed13273503127235320e9c8ca4aaaaccfd58cf417c6ca92a6e68ee9a5c3182886ae949a768639b388a7b
  languageName: node
  linkType: hard

"resolve-from@npm:^4.0.0":
  version: 4.0.0
  resolution: "resolve-from@npm:4.0.0"
  checksum: 10/91eb76ce83621eea7bbdd9b55121a5c1c4a39e54a9ce04a9ad4517f102f8b5131c2cf07622c738a6683991bf54f2ce178f5a42803ecbd527ddc5105f362cc9e3
  languageName: node
  linkType: hard

"reusify@npm:^1.0.4":
  version: 1.0.4
  resolution: "reusify@npm:1.0.4"
  checksum: 10/14222c9e1d3f9ae01480c50d96057228a8524706db79cdeb5a2ce5bb7070dd9f409a6f84a02cbef8cdc80d39aef86f2dd03d155188a1300c599b05437dcd2ffb
  languageName: node
  linkType: hard

"run-parallel@npm:^1.1.9":
  version: 1.2.0
  resolution: "run-parallel@npm:1.2.0"
  dependencies:
    queue-microtask: "npm:^1.2.2"
  checksum: 10/cb4f97ad25a75ebc11a8ef4e33bb962f8af8516bb2001082ceabd8902e15b98f4b84b4f8a9b222e5d57fc3bd1379c483886ed4619367a7680dad65316993021d
  languageName: node
  linkType: hard

"semver@npm:^7.6.0":
  version: 7.6.3
  resolution: "semver@npm:7.6.3"
  bin:
    semver: bin/semver.js
  checksum: 10/36b1fbe1a2b6f873559cd57b238f1094a053dbfd997ceeb8757d79d1d2089c56d1321b9f1069ce263dc64cfa922fa1d2ad566b39426fe1ac6c723c1487589e10
  languageName: node
  linkType: hard

"shebang-command@npm:^2.0.0":
  version: 2.0.0
  resolution: "shebang-command@npm:2.0.0"
  dependencies:
    shebang-regex: "npm:^3.0.0"
  checksum: 10/6b52fe87271c12968f6a054e60f6bde5f0f3d2db483a1e5c3e12d657c488a15474121a1d55cd958f6df026a54374ec38a4a963988c213b7570e1d51575cea7fa
  languageName: node
  linkType: hard

"shebang-regex@npm:^3.0.0":
  version: 3.0.0
  resolution: "shebang-regex@npm:3.0.0"
  checksum: 10/1a2bcae50de99034fcd92ad4212d8e01eedf52c7ec7830eedcf886622804fe36884278f2be8be0ea5fde3fd1c23911643a4e0f726c8685b61871c8908af01222
  languageName: node
  linkType: hard

"slash@npm:^3.0.0":
  version: 3.0.0
  resolution: "slash@npm:3.0.0"
  checksum: 10/94a93fff615f25a999ad4b83c9d5e257a7280c90a32a7cb8b4a87996e4babf322e469c42b7f649fd5796edd8687652f3fb452a86dc97a816f01113183393f11c
  languageName: node
  linkType: hard

"strip-ansi@npm:^6.0.1":
  version: 6.0.1
  resolution: "strip-ansi@npm:6.0.1"
  dependencies:
    ansi-regex: "npm:^5.0.1"
  checksum: 10/ae3b5436d34fadeb6096367626ce987057713c566e1e7768818797e00ac5d62023d0f198c4e681eae9e20701721980b26a64a8f5b91238869592a9c6800719a2
  languageName: node
  linkType: hard

"strip-json-comments@npm:^3.1.1":
  version: 3.1.1
  resolution: "strip-json-comments@npm:3.1.1"
  checksum: 10/492f73e27268f9b1c122733f28ecb0e7e8d8a531a6662efbd08e22cccb3f9475e90a1b82cab06a392f6afae6d2de636f977e231296400d0ec5304ba70f166443
  languageName: node
  linkType: hard

"supports-color@npm:^7.1.0":
  version: 7.2.0
  resolution: "supports-color@npm:7.2.0"
  dependencies:
    has-flag: "npm:^4.0.0"
  checksum: 10/c8bb7afd564e3b26b50ca6ee47572c217526a1389fe018d00345856d4a9b08ffbd61fadaf283a87368d94c3dcdb8f5ffe2650a5a65863e21ad2730ca0f05210a
  languageName: node
  linkType: hard

"text-table@npm:^0.2.0":
  version: 0.2.0
  resolution: "text-table@npm:0.2.0"
  checksum: 10/4383b5baaeffa9bb4cda2ac33a4aa2e6d1f8aaf811848bf73513a9b88fd76372dc461f6fd6d2e9cb5100f48b473be32c6f95bd983509b7d92bb4d92c10747452
  languageName: node
  linkType: hard

"to-regex-range@npm:^5.0.1":
  version: 5.0.1
  resolution: "to-regex-range@npm:5.0.1"
  dependencies:
    is-number: "npm:^7.0.0"
  checksum: 10/10dda13571e1f5ad37546827e9b6d4252d2e0bc176c24a101252153ef435d83696e2557fe128c4678e4e78f5f01e83711c703eef9814eb12dab028580d45980a
  languageName: node
  linkType: hard

"ts-api-utils@npm:^1.3.0":
  version: 1.3.0
  resolution: "ts-api-utils@npm:1.3.0"
  peerDependencies:
    typescript: ">=4.2.0"
  checksum: 10/3ee44faa24410cd649b5c864e068d438aa437ef64e9e4a66a41646a6d3024d3097a695eeb3fb26ee364705d3cb9653a65756d009e6a53badb6066a5f447bf7ed
  languageName: node
  linkType: hard

"type-check@npm:^0.4.0, type-check@npm:~0.4.0":
  version: 0.4.0
  resolution: "type-check@npm:0.4.0"
  dependencies:
    prelude-ls: "npm:^1.2.1"
  checksum: 10/14687776479d048e3c1dbfe58a2409e00367810d6960c0f619b33793271ff2a27f81b52461f14a162f1f89a9b1d8da1b237fc7c99b0e1fdcec28ec63a86b1fec
  languageName: node
  linkType: hard

"typescript-eslint@npm:^7.17.0":
  version: 7.17.0
  resolution: "typescript-eslint@npm:7.17.0"
  dependencies:
    "@typescript-eslint/eslint-plugin": "npm:7.17.0"
    "@typescript-eslint/parser": "npm:7.17.0"
    "@typescript-eslint/utils": "npm:7.17.0"
  peerDependencies:
    eslint: ^8.56.0
  peerDependenciesMeta:
    typescript:
      optional: true
  checksum: 10/844591d50171cddc8ecb68820b541957fbabc05f30c09d758b93ea216214785fa67a08420e539feb70d542e532be88d3aa00573417dcce34ac5d1e5d57a19598
  languageName: node
  linkType: hard

"typescript@npm:~5.5.4":
  version: 5.5.4
  resolution: "typescript@npm:5.5.4"
  bin:
    tsc: bin/tsc
    tsserver: bin/tsserver
  checksum: 10/1689ccafef894825481fc3d856b4834ba3cc185a9c2878f3c76a9a1ef81af04194849840f3c69e7961e2312771471bb3b460ca92561e1d87599b26c37d0ffb6f
  languageName: node
  linkType: hard

"typescript@patch:typescript@npm%3A~5.5.4#optional!builtin<compat/typescript>":
  version: 5.5.4
  resolution: "typescript@patch:typescript@npm%3A5.5.4#optional!builtin<compat/typescript>::version=5.5.4&hash=379a07"
  bin:
    tsc: bin/tsc
    tsserver: bin/tsserver
  checksum: 10/746fdd0865c5ce4f15e494c57ede03a9e12ede59cfdb40da3a281807853fe63b00ef1c912d7222143499aa82f18b8b472baa1830df8804746d09b55f6cf5b1cc
  languageName: node
  linkType: hard

"uri-js@npm:^4.2.2":
  version: 4.4.1
  resolution: "uri-js@npm:4.4.1"
  dependencies:
    punycode: "npm:^2.1.0"
  checksum: 10/b271ca7e3d46b7160222e3afa3e531505161c9a4e097febae9664e4b59912f4cbe94861361a4175edac3a03fee99d91e44b6a58c17a634bc5a664b19fc76fbcb
  languageName: node
  linkType: hard

"which@npm:^2.0.1":
  version: 2.0.2
  resolution: "which@npm:2.0.2"
  dependencies:
    isexe: "npm:^2.0.0"
  bin:
    node-which: ./bin/node-which
  checksum: 10/4782f8a1d6b8fc12c65e968fea49f59752bf6302dc43036c3bf87da718a80710f61a062516e9764c70008b487929a73546125570acea95c5b5dcc8ac3052c70f
  languageName: node
  linkType: hard

"yocto-queue@npm:^0.1.0":
  version: 0.1.0
  resolution: "yocto-queue@npm:0.1.0"
  checksum: 10/f77b3d8d00310def622123df93d4ee654fc6a0096182af8bd60679ddcdfb3474c56c6c7190817c84a2785648cdee9d721c0154eb45698c62176c322fb46fc700
  languageName: node
  linkType: hard
